
Microsoft Visual Studio Solution File, Format Version 11.00
# Visual Studio 2010
Project("{FAE04EC0-301F-11D3-BF4B-00C04F79EFBC}") = "Certitude", "Certitude\Certitude.csproj", "{83ACB39D-A099-46FB-BD93-FD3585939F2F}"
EndProject
Project("{FAE04EC0-301F-11D3-BF4B-00C04F79EFBC}") = "Divvy.Platform", "Divvy.Platform\Divvy.Platform.csproj", "{6645A646-7A66-4C79-8D62-06D80DD35810}"
EndProject
Project("{2150E333-8FDC-42A3-9474-1A3956D46DE8}") = "Divvy", "Divvy", "{692965D0-15A8-4DFF-8547-64F2FD805371}"
EndProject
Project("{FAE04EC0-301F-11D3-BF4B-00C04F79EFBC}") = "Divvy.Drone", "Divvy.Drone\Divvy.Drone.csproj", "{257520D3-548B-42CA-A59F-F1305DE63C5B}"
EndProject
Project("{FAE04EC0-301F-11D3-BF4B-00C04F79EFBC}") = "Divvy.TaskMaster", "Divvy.TaskMaster\Divvy.TaskMaster.csproj", "{9B5BA370-86FE-4190-9838-EA2E8E1ABADF}"
EndProject
Project("{FAE04EC0-301F-11D3-BF4B-00C04F79EFBC}") = "Infrastructure", "Infrastructure\Infrastructure.csproj", "{473E5D14-EBFC-4AB3-ACB6-9CE6AEA68766}"
EndProject
Global
	GlobalSection(SolutionConfigurationPlatforms) = preSolution
		Debug|Any CPU = Debug|Any CPU
		Debug|Mixed Platforms = Debug|Mixed Platforms
		Debug|x86 = Debug|x86
		Release|Any CPU = Release|Any CPU
		Release|Mixed Platforms = Release|Mixed Platforms
		Release|x86 = Release|x86
	EndGlobalSection
	GlobalSection(ProjectConfigurationPlatforms) = postSolution
		{83ACB39D-A099-46FB-BD93-FD3585939F2F}.Debug|Any CPU.ActiveCfg = Debug|Any CPU
		{83ACB39D-A099-46FB-BD93-FD3585939F2F}.Debug|Any CPU.Build.0 = Debug|Any CPU
		{83ACB39D-A099-46FB-BD93-FD3585939F2F}.Debug|Mixed Platforms.ActiveCfg = Debug|Any CPU
		{83ACB39D-A099-46FB-BD93-FD3585939F2F}.Debug|Mixed Platforms.Build.0 = Debug|Any CPU
		{83ACB39D-A099-46FB-BD93-FD3585939F2F}.Debug|x86.ActiveCfg = Debug|Any CPU
		{83ACB39D-A099-46FB-BD93-FD3585939F2F}.Release|Any CPU.ActiveCfg = Release|Any CPU
		{83ACB39D-A099-46FB-BD93-FD3585939F2F}.Release|Any CPU.Build.0 = Release|Any CPU
		{83ACB39D-A099-46FB-BD93-FD3585939F2F}.Release|Mixed Platforms.ActiveCfg = Release|Any CPU
		{83ACB39D-A099-46FB-BD93-FD3585939F2F}.Release|Mixed Platforms.Build.0 = Release|Any CPU
		{83ACB39D-A099-46FB-BD93-FD3585939F2F}.Release|x86.ActiveCfg = Release|Any CPU
		{6645A646-7A66-4C79-8D62-06D80DD35810}.Debug|Any CPU.ActiveCfg = Debug|Any CPU
		{6645A646-7A66-4C79-8D62-06D80DD35810}.Debug|Any CPU.Build.0 = Debug|Any CPU
		{6645A646-7A66-4C79-8D62-06D80DD35810}.Debug|Mixed Platforms.ActiveCfg = Debug|Any CPU
		{6645A646-7A66-4C79-8D62-06D80DD35810}.Debug|Mixed Platforms.Build.0 = Debug|Any CPU
		{6645A646-7A66-4C79-8D62-06D80DD35810}.Debug|x86.ActiveCfg = Debug|Any CPU
		{6645A646-7A66-4C79-8D62-06D80DD35810}.Release|Any CPU.ActiveCfg = Release|Any CPU
		{6645A646-7A66-4C79-8D62-06D80DD35810}.Release|Any CPU.Build.0 = Release|Any CPU
		{6645A646-7A66-4C79-8D62-06D80DD35810}.Release|Mixed Platforms.ActiveCfg = Release|Any CPU
		{6645A646-7A66-4C79-8D62-06D80DD35810}.Release|Mixed Platforms.Build.0 = Release|Any CPU
		{6645A646-7A66-4C79-8D62-06D80DD35810}.Release|x86.ActiveCfg = Release|Any CPU
		{257520D3-548B-42CA-A59F-F1305DE63C5B}.Debug|Any CPU.ActiveCfg = Debug|x86
		{257520D3-548B-42CA-A59F-F1305DE63C5B}.Debug|Mixed Platforms.ActiveCfg = Debug|x86
		{257520D3-548B-42CA-A59F-F1305DE63C5B}.Debug|Mixed Platforms.Build.0 = Debug|x86
		{257520D3-548B-42CA-A59F-F1305DE63C5B}.Debug|x86.ActiveCfg = Debug|x86
		{257520D3-548B-42CA-A59F-F1305DE63C5B}.Debug|x86.Build.0 = Debug|x86
		{257520D3-548B-42CA-A59F-F1305DE63C5B}.Release|Any CPU.ActiveCfg = Release|x86
		{257520D3-548B-42CA-A59F-F1305DE63C5B}.Release|Mixed Platforms.ActiveCfg = Release|x86
		{257520D3-548B-42CA-A59F-F1305DE63C5B}.Release|Mixed Platforms.Build.0 = Release|x86
		{257520D3-548B-42CA-A59F-F1305DE63C5B}.Release|x86.ActiveCfg = Release|x86
		{257520D3-548B-42CA-A59F-F1305DE63C5B}.Release|x86.Build.0 = Release|x86
		{9B5BA370-86FE-4190-9838-EA2E8E1ABADF}.Debug|Any CPU.ActiveCfg = Debug|Any CPU
		{9B5BA370-86FE-4190-9838-EA2E8E1ABADF}.Debug|Any CPU.Build.0 = Debug|Any CPU
		{9B5BA370-86FE-4190-9838-EA2E8E1ABADF}.Debug|Mixed Platforms.ActiveCfg = Debug|Any CPU
		{9B5BA370-86FE-4190-9838-EA2E8E1ABADF}.Debug|Mixed Platforms.Build.0 = Debug|Any CPU
		{9B5BA370-86FE-4190-9838-EA2E8E1ABADF}.Debug|x86.ActiveCfg = Debug|Any CPU
		{9B5BA370-86FE-4190-9838-EA2E8E1ABADF}.Release|Any CPU.ActiveCfg = Release|Any CPU
		{9B5BA370-86FE-4190-9838-EA2E8E1ABADF}.Release|Any CPU.Build.0 = Release|Any CPU
		{9B5BA370-86FE-4190-9838-EA2E8E1ABADF}.Release|Mixed Platforms.ActiveCfg = Release|Any CPU
		{9B5BA370-86FE-4190-9838-EA2E8E1ABADF}.Release|Mixed Platforms.Build.0 = Release|Any CPU
		{9B5BA370-86FE-4190-9838-EA2E8E1ABADF}.Release|x86.ActiveCfg = Release|Any CPU
		{473E5D14-EBFC-4AB3-ACB6-9CE6AEA68766}.Debug|Any CPU.ActiveCfg = Debug|Any CPU
		{473E5D14-EBFC-4AB3-ACB6-9CE6AEA68766}.Debug|Any CPU.Build.0 = Debug|Any CPU
		{473E5D14-EBFC-4AB3-ACB6-9CE6AEA68766}.Debug|Mixed Platforms.ActiveCfg = Debug|Any CPU
		{473E5D14-EBFC-4AB3-ACB6-9CE6AEA68766}.Debug|Mixed Platforms.Build.0 = Debug|Any CPU
		{473E5D14-EBFC-4AB3-ACB6-9CE6AEA68766}.Debug|x86.ActiveCfg = Debug|Any CPU
		{473E5D14-EBFC-4AB3-ACB6-9CE6AEA68766}.Release|Any CPU.ActiveCfg = Release|Any CPU
		{473E5D14-EBFC-4AB3-ACB6-9CE6AEA68766}.Release|Any CPU.Build.0 = Release|Any CPU
		{473E5D14-EBFC-4AB3-ACB6-9CE6AEA68766}.Release|Mixed Platforms.ActiveCfg = Release|Any CPU
		{473E5D14-EBFC-4AB3-ACB6-9CE6AEA68766}.Release|Mixed Platforms.Build.0 = Release|Any CPU
		{473E5D14-EBFC-4AB3-ACB6-9CE6AEA68766}.Release|x86.ActiveCfg = Release|Any CPU
	EndGlobalSection
	GlobalSection(SolutionProperties) = preSolution
		HideSolutionNode = FALSE
	EndGlobalSection
	GlobalSection(NestedProjects) = preSolution
		{6645A646-7A66-4C79-8D62-06D80DD35810} = {692965D0-15A8-4DFF-8547-64F2FD805371}
		{257520D3-548B-42CA-A59F-F1305DE63C5B} = {692965D0-15A8-4DFF-8547-64F2FD805371}
		{9B5BA370-86FE-4190-9838-EA2E8E1ABADF} = {692965D0-15A8-4DFF-8547-64F2FD805371}
	EndGlobalSection
EndGlobal
